
Microsoft Visual Studio Solution File, Format Version 12.00
# Visual Studio 15
VisualStudioVersion = 15.0.28307.1082
MinimumVisualStudioVersion = 10.0.40219.1
Project("{FAE04EC0-301F-11D3-BF4B-00C04F79EFBC}") = "PostaGUI", "PostaGUI\PostaGUI.csproj", "{DE3E9B04-5645-431D-8B7E-28C2A36EBD3A}"
EndProject
Project("{FAE04EC0-301F-11D3-BF4B-00C04F79EFBC}") = "DatabaseModel", "DatabaseModel\DatabaseModel.csproj", "{285A5E3E-0270-4890-BE80-9110794072A3}"
EndProject
Global
	GlobalSection(SolutionConfigurationPlatforms) = preSolution
		Debug|Any CPU = Debug|Any CPU
		Release|Any CPU = Release|Any CPU
	EndGlobalSection
	GlobalSection(ProjectConfigurationPlatforms) = postSolution
		{DE3E9B04-5645-431D-8B7E-28C2A36EBD3A}.Debug|Any CPU.ActiveCfg = Debug|Any CPU
		{DE3E9B04-5645-431D-8B7E-28C2A36EBD3A}.Debug|Any CPU.Build.0 = Debug|Any CPU
		{DE3E9B04-5645-431D-8B7E-28C2A36EBD3A}.Release|Any CPU.ActiveCfg = Release|Any CPU
		{DE3E9B04-5645-431D-8B7E-28C2A36EBD3A}.Release|Any CPU.Build.0 = Release|Any CPU
		{285A5E3E-0270-4890-BE80-9110794072A3}.Debug|Any CPU.ActiveCfg = Debug|Any CPU
		{285A5E3E-0270-4890-BE80-9110794072A3}.Debug|Any CPU.Build.0 = Debug|Any CPU
		{285A5E3E-0270-4890-BE80-9110794072A3}.Release|Any CPU.ActiveCfg = Release|Any CPU
		{285A5E3E-0270-4890-BE80-9110794072A3}.Release|Any CPU.Build.0 = Release|Any CPU
	EndGlobalSection
	GlobalSection(SolutionProperties) = preSolution
		HideSolutionNode = FALSE
	EndGlobalSection
	GlobalSection(ExtensibilityGlobals) = postSolution
		SolutionGuid = {5633E62A-9F51-4D36-A312-D85EF1B1ADEB}
	EndGlobalSection
EndGlobal
